github.com/HandyGold75/GOLib/argp v0.0.0-20250417124746-47ad2d6f9f5c h1:+SUd8eB7Pr6sNgQMmTl0C3Yhgnle9sAJH9zIU8fh7HM=
github.com/HandyGold75/GOLib/argp v0.0.0-20250417124746-47ad2d6f9f5c/go.mod h1:bX5ifC6YaSGoRr245Ir6Qd9wt7Zeb1Jn6AkQsH91Vyg=
github.com/HandyGold75/GOLib/logger v0.0.0-20250417124746-47ad2d6f9f5c h1:ZH6UVUuB7IYe2vP4cDb17kTRvM/b1MOrM1HgW03YRBk=
github.com/HandyGold75/GOLib/logger v0.0.0-20250417124746-47ad2d6f9f5c/go.mod h1:epSDoXg2k4SjqCLMb599ktL8ztk/jhnCoeGrH3OEDFw=
github.com/HandyGold75/GOLib/tui v0.0.0-20250417124746-47ad2d6f9f5c h1:uQzwF3prt5oEUKeIJ2+gt9pcC5qLb+mvTexFNgjzcF4=
github.com/HandyGold75/GOLib/tui v0.0.0-20250417124746-47ad2d6f9f5c/go.mod h1:KuGj16Wl8ptjAH2zM0pLV45B6Eek4lzx0zHIaGgIMkA=
golang.org/x/sys v0.32.0 h1:s77OFDvIQeibCmezSnk/q6iAfkdiQaJi4VzroCFrN20=
golang.org/x/sys v0.32.0/go.mod h1:BJP2sWEmIv4KK5OTEluFJCKSidICx8ciO85XgH3Ak8k=
golang.org/x/term v0.31.0 h1:erwDkOK1Msy6offm1mOgvspSkslFnIGsFnxOKoufg3o=
golang.org/x/term v0.31.0/go.mod h1:R4BeIy7D95HzImkxGkTW1UQTtP54tio2RyHz7PwK0aw=
